// !$*UTF8*$!
{
	archiveVersion = 1;
	classes = {
	};
	objectVersion = 50;
	objects = {

/* Begin PBXBuildFile section */
		CC4C19AD24F6C36E0042C535 /* AppDelegate.m in Sources */ = {isa = PBXBuildFile; fileRef = CC4C19AC24F6C36E0042C535 /* AppDelegate.m */; };
		CC4C19B024F6C36E0042C535 /* SceneDelegate.m in Sources */ = {isa = PBXBuildFile; fileRef = CC4C19AF24F6C36E0042C535 /* SceneDelegate.m */; };
		CC4C19B824F6C3700042C535 /* Assets.xcassets in Resources */ = {isa = PBXBuildFile; fileRef = CC4C19B724F6C3700042C535 /* Assets.xcassets */; };
		CC4C19BB24F6C3700042C535 /* LaunchScreen.storyboard in Resources */ = {isa = PBXBuildFile; fileRef = CC4C19B924F6C3700042C535 /* LaunchScreen.storyboard */; };
		CC4C19BE24F6C3700042C535 /* main.m in Sources */ = {isa = PBXBuildFile; fileRef = CC4C19BD24F6C3700042C535 /* main.m */; };
		CC4C19C624F6C5BD0042C535 /* DocumentBrowserViewController.m in Sources */ = {isa = PBXBuildFile; fileRef = CC4C19C524F6C5BD0042C535 /* DocumentBrowserViewController.m */; };
		CC4C19CC24F6C5E80042C535 /* DocumentViewController.m in Sources */ = {isa = PBXBuildFile; fileRef = CC4C19C924F6C5E80042C535 /* DocumentViewController.m */; };
		CC4C19CD24F6C5E80042C535 /* Untitled.txt in Resources */ = {isa = PBXBuildFile; fileRef = CC4C19CA24F6C5E80042C535 /* Untitled.txt */; };
		CC4C19CE24F6C5E80042C535 /* Document.m in Sources */ = {isa = PBXBuildFile; fileRef = CC4C19CB24F6C5E80042C535 /* Document.m */; };
		CC4C19D124F6CA600042C535 /* SwiftUIPreviewView.swift in Sources */ = {isa = PBXBuildFile; fileRef = CC4C19D024F6CA600042C535 /* SwiftUIPreviewView.swift */; };
		CC4C19D424F6D4A60042C535 /* DocumentEditingView.m in Sources */ = {isa = PBXBuildFile; fileRef = CC4C19D324F6D4A60042C535 /* DocumentEditingView.m */; };
		CC5285DB24F73AB50002CFCA /* SettingsViewController.m in Sources */ = {isa = PBXBuildFile; fileRef = CC5285DA24F73AB50002CFCA /* SettingsViewController.m */; };
		CC76ED9524FBFD64002F4307 /* KHSettingsController.m in Sources */ = {isa = PBXBuildFile; fileRef = CC76ED9424FBFD64002F4307 /* KHSettingsController.m */; };
		CC76ED9824FBFF1C002F4307 /* NSPointerArray+Helpers.m in Sources */ = {isa = PBXBuildFile; fileRef = CC76ED9624FBFF1C002F4307 /* NSPointerArray+Helpers.m */; };
		CCFA7FC224F8884A00BE0BBC /* KHSettingRow.m in Sources */ = {isa = PBXBuildFile; fileRef = CCFA7FC124F8884A00BE0BBC /* KHSettingRow.m */; };
/* End PBXBuildFile section */

/* Begin PBXFileReference section */
		CC4C19A824F6C36E0042C535 /* Rewritor.app */ = {isa = PBXFileReference; explicitFileType = wrapper.application; includeInIndex = 0; path = Rewritor.app; sourceTree = BUILT_PRODUCTS_DIR; };
		CC4C19AB24F6C36E0042C535 /* AppDelegate.h */ = {isa = PBXFileReference; lastKnownFileType = sourcecode.c.h; path = AppDelegate.h; sourceTree = "<group>"; };
		CC4C19AC24F6C36E0042C535 /* AppDelegate.m */ = {isa = PBXFileReference; lastKnownFileType = sourcecode.c.objc; path = AppDelegate.m; sourceTree = "<group>"; };
		CC4C19AE24F6C36E0042C535 /* SceneDelegate.h */ = {isa = PBXFileReference; lastKnownFileType = sourcecode.c.h; path = SceneDelegate.h; sourceTree = "<group>"; };
		CC4C19AF24F6C36E0042C535 /* SceneDelegate.m */ = {isa = PBXFileReference; lastKnownFileType = sourcecode.c.objc; path = SceneDelegate.m; sourceTree = "<group>"; };
		CC4C19B724F6C3700042C535 /* Assets.xcassets */ = {isa = PBXFileReference; lastKnownFileType = folder.assetcatalog; path = Assets.xcassets; sourceTree = "<group>"; };
		CC4C19BA24F6C3700042C535 /* Base */ = {isa = PBXFileReference; lastKnownFileType = file.storyboard; name = Base; path = Base.lproj/LaunchScreen.storyboard; sourceTree = "<group>"; };
		CC4C19BC24F6C3700042C535 /* Info.plist */ = {isa = PBXFileReference; lastKnownFileType = text.plist.xml; path = Info.plist; sourceTree = "<group>"; };
		CC4C19BD24F6C3700042C535 /* main.m */ = {isa = PBXFileReference; lastKnownFileType = sourcecode.c.objc; path = main.m; sourceTree = "<group>"; };
		CC4C19C424F6C5BD0042C535 /* DocumentBrowserViewController.h */ = {isa = PBXFileReference; lastKnownFileType = sourcecode.c.h; path = DocumentBrowserViewController.h; sourceTree = "<group>"; };
		CC4C19C524F6C5BD0042C535 /* DocumentBrowserViewController.m */ = {isa = PBXFileReference; lastKnownFileType = sourcecode.c.objc; path = DocumentBrowserViewController.m; sourceTree = "<group>"; };
		CC4C19C724F6C5E70042C535 /* Document.h */ = {isa = PBXFileReference; fileEncoding = 4; lastKnownFileType = sourcecode.c.h; path = Document.h; sourceTree = "<group>"; };
		CC4C19C824F6C5E70042C535 /* DocumentViewController.h */ = {isa = PBXFileReference; fileEncoding = 4; lastKnownFileType = sourcecode.c.h; path = DocumentViewController.h; sourceTree = "<group>"; };
		CC4C19C924F6C5E80042C535 /* DocumentViewController.m */ = {isa = PBXFileReference; fileEncoding = 4; lastKnownFileType = sourcecode.c.objc; path = DocumentViewController.m; sourceTree = "<group>"; };
		CC4C19CA24F6C5E80042C535 /* Untitled.txt */ = {isa = PBXFileReference; fileEncoding = 4; lastKnownFileType = text; path = Untitled.txt; sourceTree = "<group>"; };
		CC4C19CB24F6C5E80042C535 /* Document.m */ = {isa = PBXFileReference; fileEncoding = 4; lastKnownFileType = sourcecode.c.objc; path = Document.m; sourceTree = "<group>"; };
		CC4C19CF24F6CA600042C535 /* Rewritor-Bridging-Header.h */ = {isa = PBXFileReference; lastKnownFileType = sourcecode.c.h; path = "Rewritor-Bridging-Header.h"; sourceTree = "<group>"; };
		CC4C19D024F6CA600042C535 /* SwiftUIPreviewView.swift */ = {isa = PBXFileReference; lastKnownFileType = sourcecode.swift; path = SwiftUIPreviewView.swift; sourceTree = "<group>"; };
		CC4C19D224F6D4A60042C535 /* DocumentEditingView.h */ = {isa = PBXFileReference; lastKnownFileType = sourcecode.c.h; path = DocumentEditingView.h; sourceTree = "<group>"; };
		CC4C19D324F6D4A60042C535 /* DocumentEditingView.m */ = {isa = PBXFileReference; lastKnownFileType = sourcecode.c.objc; path = DocumentEditingView.m; sourceTree = "<group>"; };
		CC4C19D524F6DC620042C535 /* Rewritor.entitlements */ = {isa = PBXFileReference; lastKnownFileType = text.plist.entitlements; path = Rewritor.entitlements; sourceTree = "<group>"; };
		CC5285D924F73AB50002CFCA /* SettingsViewController.h */ = {isa = PBXFileReference; lastKnownFileType = sourcecode.c.h; path = SettingsViewController.h; sourceTree = "<group>"; };
		CC5285DA24F73AB50002CFCA /* SettingsViewController.m */ = {isa = PBXFileReference; lastKnownFileType = sourcecode.c.objc; path = SettingsViewController.m; sourceTree = "<group>"; };
		CC76ED9324FBFD64002F4307 /* KHSettingsController.h */ = {isa = PBXFileReference; lastKnownFileType = sourcecode.c.h; path = KHSettingsController.h; sourceTree = "<group>"; };
		CC76ED9424FBFD64002F4307 /* KHSettingsController.m */ = {isa = PBXFileReference; lastKnownFileType = sourcecode.c.objc; path = KHSettingsController.m; sourceTree = "<group>"; };
		CC76ED9624FBFF1C002F4307 /* NSPointerArray+Helpers.m */ = {isa = PBXFileReference; fileEncoding = 4; lastKnownFileType = sourcecode.c.objc; path = "NSPointerArray+Helpers.m"; sourceTree = "<group>"; };
		CC76ED9724FBFF1C002F4307 /* NSPointerArray+Helpers.h */ = {isa = PBXFileReference; fileEncoding = 4; lastKnownFileType = sourcecode.c.h; path = "NSPointerArray+Helpers.h"; sourceTree = "<group>"; };
		CCFA7FC024F8884A00BE0BBC /* KHSettingRow.h */ = {isa = PBXFileReference; lastKnownFileType = sourcecode.c.h; path = KHSettingRow.h; sourceTree = "<group>"; };
		CCFA7FC124F8884A00BE0BBC /* KHSettingRow.m */ = {isa = PBXFileReference; lastKnownFileType = sourcecode.c.objc; path = KHSettingRow.m; sourceTree = "<group>"; };
/* End PBXFileReference section */

/* Begin PBXFrameworksBuildPhase section */
		CC4C19A524F6C36E0042C535 /* Frameworks */ = {
			isa = PBXFrameworksBuildPhase;
			buildActionMask = 2147483647;
			files = (
			);
			runOnlyForDeploymentPostprocessing = 0;
		};
/* End PBXFrameworksBuildPhase section */

/* Begin PBXGroup section */
		CC4C199F24F6C36E0042C535 = {
			isa = PBXGroup;
			children = (
				CC4C19AA24F6C36E0042C535 /* Rewritor */,
				CC4C19A924F6C36E0042C535 /* Products */,
			);
			sourceTree = "<group>";
		};
		CC4C19A924F6C36E0042C535 /* Products */ = {
			isa = PBXGroup;
			children = (
				CC4C19A824F6C36E0042C535 /* Rewritor.app */,
			);
			name = Products;
			sourceTree = "<group>";
		};
		CC4C19AA24F6C36E0042C535 /* Rewritor */ = {
			isa = PBXGroup;
			children = (
				CC4C19D524F6DC620042C535 /* Rewritor.entitlements */,
				CC4C19AB24F6C36E0042C535 /* AppDelegate.h */,
				CC4C19AC24F6C36E0042C535 /* AppDelegate.m */,
				CC4C19AE24F6C36E0042C535 /* SceneDelegate.h */,
				CC4C19AF24F6C36E0042C535 /* SceneDelegate.m */,
				CC4C19C424F6C5BD0042C535 /* DocumentBrowserViewController.h */,
				CC4C19C524F6C5BD0042C535 /* DocumentBrowserViewController.m */,
				CC4C19C724F6C5E70042C535 /* Document.h */,
				CC4C19CB24F6C5E80042C535 /* Document.m */,
				CC4C19C824F6C5E70042C535 /* DocumentViewController.h */,
				CC4C19C924F6C5E80042C535 /* DocumentViewController.m */,
				CC4C19D224F6D4A60042C535 /* DocumentEditingView.h */,
				CC4C19D324F6D4A60042C535 /* DocumentEditingView.m */,
				CC76ED9924FDB3A3002F4307 /* Settings */,
				CC76ED9724FBFF1C002F4307 /* NSPointerArray+Helpers.h */,
				CC76ED9624FBFF1C002F4307 /* NSPointerArray+Helpers.m */,
				CC4C19B724F6C3700042C535 /* Assets.xcassets */,
				CC4C19B924F6C3700042C535 /* LaunchScreen.storyboard */,
				CC4C19BC24F6C3700042C535 /* Info.plist */,
				CC4C19BD24F6C3700042C535 /* main.m */,
				CC4C19CA24F6C5E80042C535 /* Untitled.txt */,
				CC4C19D024F6CA600042C535 /* SwiftUIPreviewView.swift */,
				CC4C19CF24F6CA600042C535 /* Rewritor-Bridging-Header.h */,
			);
			path = Rewritor;
			sourceTree = "<group>";
		};
		CC76ED9924FDB3A3002F4307 /* Settings */ = {
			isa = PBXGroup;
			children = (
				CC5285D924F73AB50002CFCA /* SettingsViewController.h */,
				CC5285DA24F73AB50002CFCA /* SettingsViewController.m */,
				CCFA7FC024F8884A00BE0BBC /* KHSettingRow.h */,
				CCFA7FC124F8884A00BE0BBC /* KHSettingRow.m */,
				CC76ED9324FBFD64002F4307 /* KHSettingsController.h */,
				CC76ED9424FBFD64002F4307 /* KHSettingsController.m */,
			);
			path = Settings;
			sourceTree = "<group>";
		};
/* End PBXGroup section */

/* Begin PBXNativeTarget section */
		CC4C19A724F6C36E0042C535 /* Rewritor */ = {
			isa = PBXNativeTarget;
			buildConfigurationList = CC4C19C124F6C3700042C535 /* Build configuration list for PBXNativeTarget "Rewritor" */;
			buildPhases = (
				CC4C19A424F6C36E0042C535 /* Sources */,
				CC4C19A524F6C36E0042C535 /* Frameworks */,
				CC4C19A624F6C36E0042C535 /* Resources */,
			);
			buildRules = (
			);
			dependencies = (
			);
			name = Rewritor;
			productName = Rewritor;
			productReference = CC4C19A824F6C36E0042C535 /* Rewritor.app */;
			productType = "com.apple.product-type.application";
		};
/* End PBXNativeTarget section */

/* Begin PBXProject section */
		CC4C19A024F6C36E0042C535 /* Project object */ = {
			isa = PBXProject;
			attributes = {
				LastUpgradeCheck = 1200;
				TargetAttributes = {
					CC4C19A724F6C36E0042C535 = {
						CreatedOnToolsVersion = 12.0;
						LastSwiftMigration = 1200;
					};
				};
			};
			buildConfigurationList = CC4C19A324F6C36E0042C535 /* Build configuration list for PBXProject "Rewritor" */;
			compatibilityVersion = "Xcode 9.3";
			developmentRegion = en;
			hasScannedForEncodings = 0;
			knownRegions = (
				en,
				Base,
			);
			mainGroup = CC4C199F24F6C36E0042C535;
			productRefGroup = CC4C19A924F6C36E0042C535 /* Products */;
			projectDirPath = "";
			projectRoot = "";
			targets = (
				CC4C19A724F6C36E0042C535 /* Rewritor */,
			);
		};
/* End PBXProject section */

/* Begin PBXResourcesBuildPhase section */
		CC4C19A624F6C36E0042C535 /* Resources */ = {
			isa = PBXResourcesBuildPhase;
			buildActionMask = 2147483647;
			files = (
				CC4C19BB24F6C3700042C535 /* LaunchScreen.storyboard in Resources */,
				CC4C19CD24F6C5E80042C535 /* Untitled.txt in Resources */,
				CC4C19B824F6C3700042C535 /* Assets.xcassets in Resources */,
			);
			runOnlyForDeploymentPostprocessing = 0;
		};
/* End PBXResourcesBuildPhase section */

/* Begin PBXSourcesBuildPhase section */
		CC4C19A424F6C36E0042C535 /* Sources */ = {
			isa = PBXSourcesBuildPhase;
			buildActionMask = 2147483647;
			files = (
				CC4C19D424F6D4A60042C535 /* DocumentEditingView.m in Sources */,
				CC4C19CC24F6C5E80042C535 /* DocumentViewController.m in Sources */,
				CC76ED9824FBFF1C002F4307 /* NSPointerArray+Helpers.m in Sources */,
				CC4C19C624F6C5BD0042C535 /* DocumentBrowserViewController.m in Sources */,
				CC5285DB24F73AB50002CFCA /* SettingsViewController.m in Sources */,
				CCFA7FC224F8884A00BE0BBC /* KHSettingRow.m in Sources */,
				CC76ED9524FBFD64002F4307 /* KHSettingsController.m in Sources */,
				CC4C19D124F6CA600042C535 /* SwiftUIPreviewView.swift in Sources */,
				CC4C19CE24F6C5E80042C535 /* Document.m in Sources */,
				CC4C19AD24F6C36E0042C535 /* AppDelegate.m in Sources */,
				CC4C19BE24F6C3700042C535 /* main.m in Sources */,
				CC4C19B024F6C36E0042C535 /* SceneDelegate.m in Sources */,
			);
			runOnlyForDeploymentPostprocessing = 0;
		};
/* End PBXSourcesBuildPhase section */

/* Begin PBXVariantGroup section */
		CC4C19B924F6C3700042C535 /* LaunchScreen.storyboard */ = {
			isa = PBXVariantGroup;
			children = (
				CC4C19BA24F6C3700042C535 /* Base */,
			);
			name = LaunchScreen.storyboard;
			sourceTree = "<group>";
		};
/* End PBXVariantGroup section */

/* Begin XCBuildConfiguration section */
		CC4C19BF24F6C3700042C535 /* Debug */ = {
			isa = XCBuildConfiguration;
			buildSettings = {
				ALWAYS_SEARCH_USER_PATHS = NO;
				CLANG_ANALYZER_NONNULL = YES;
				CLANG_ANALYZER_NUMBER_OBJECT_CONVERSION = YES_AGGRESSIVE;
				CLANG_CXX_LANGUAGE_STANDARD = "gnu++14";
				CLANG_CXX_LIBRARY = "libc++";
				CLANG_ENABLE_MODULES = YES;
				CLANG_ENABLE_OBJC_ARC = YES;
				CLANG_ENABLE_OBJC_WEAK = YES;
				CLANG_WARN_BLOCK_CAPTURE_AUTORELEASING = YES;
				CLANG_WARN_BOOL_CONVERSION = YES;
				CLANG_WARN_COMMA = YES;
				CLANG_WARN_CONSTANT_CONVERSION = YES;
				CLANG_WARN_DEPRECATED_OBJC_IMPLEMENTATIONS = YES;
				CLANG_WARN_DIRECT_OBJC_ISA_USAGE = YES_ERROR;
				CLANG_WARN_DOCUMENTATION_COMMENTS = YES;
				CLANG_WARN_EMPTY_BODY = YES;
				CLANG_WARN_ENUM_CONVERSION = YES;
				CLANG_WARN_INFINITE_RECURSION = YES;
				CLANG_WARN_INT_CONVERSION = YES;
				CLANG_WARN_NON_LITERAL_NULL_CONVERSION = YES;
				CLANG_WARN_OBJC_IMPLICIT_RETAIN_SELF = YES;
				CLANG_WARN_OBJC_LITERAL_CONVERSION = YES;
				CLANG_WARN_OBJC_ROOT_CLASS = YES_ERROR;
				CLANG_WARN_QUOTED_INCLUDE_IN_FRAMEWORK_HEADER = YES;
				CLANG_WARN_RANGE_LOOP_ANALYSIS = YES;
				CLANG_WARN_STRICT_PROTOTYPES = YES;
				CLANG_WARN_SUSPICIOUS_MOVE = YES;
				CLANG_WARN_UNGUARDED_AVAILABILITY = YES_AGGRESSIVE;
				CLANG_WARN_UNREACHABLE_CODE = YES;
				CLANG_WARN__DUPLICATE_METHOD_MATCH = YES;
				COPY_PHASE_STRIP = NO;
				DEBUG_INFORMATION_FORMAT = dwarf;
				ENABLE_STRICT_OBJC_MSGSEND = YES;
				ENABLE_TESTABILITY = YES;
				GCC_C_LANGUAGE_STANDARD = gnu11;
				GCC_DYNAMIC_NO_PIC = NO;
				GCC_NO_COMMON_BLOCKS = YES;
				GCC_OPTIMIZATION_LEVEL = 0;
				GCC_PREPROCESSOR_DEFINITIONS = (
					"DEBUG=1",
					"$(inherited)",
				);
				GCC_WARN_64_TO_32_BIT_CONVERSION = YES;
				GCC_WARN_ABOUT_RETURN_TYPE = YES_ERROR;
				GCC_WARN_UNDECLARED_SELECTOR = YES;
				GCC_WARN_UNINITIALIZED_AUTOS = YES_AGGRESSIVE;
				GCC_WARN_UNUSED_FUNCTION = YES;
				GCC_WARN_UNUSED_VARIABLE = YES;
				IPHONEOS_DEPLOYMENT_TARGET = 14.0;
				MTL_ENABLE_DEBUG_INFO = INCLUDE_SOURCE;
				MTL_FAST_MATH = YES;
				ONLY_ACTIVE_ARCH = YES;
				SDKROOT = iphoneos;
			};
			name = Debug;
		};
		CC4C19C024F6C3700042C535 /* Release */ = {
			isa = XCBuildConfiguration;
			buildSettings = {
				ALWAYS_SEARCH_USER_PATHS = NO;
				CLANG_ANALYZER_NONNULL = YES;
				CLANG_ANALYZER_NUMBER_OBJECT_CONVERSION = YES_AGGRESSIVE;
				CLANG_CXX_LANGUAGE_STANDARD = "gnu++14";
				CLANG_CXX_LIBRARY = "libc++";
				CLANG_ENABLE_MODULES = YES;
				CLANG_ENABLE_OBJC_ARC = YES;
				CLANG_ENABLE_OBJC_WEAK = YES;
				CLANG_WARN_BLOCK_CAPTURE_AUTORELEASING = YES;
				CLANG_WARN_BOOL_CONVERSION = YES;
				CLANG_WARN_COMMA = YES;
				CLANG_WARN_CONSTANT_CONVERSION = YES;
				CLANG_WARN_DEPRECATED_OBJC_IMPLEMENTATIONS = YES;
				CLANG_WARN_DIRECT_OBJC_ISA_USAGE = YES_ERROR;
				CLANG_WARN_DOCUMENTATION_COMMENTS = YES;
				CLANG_WARN_EMPTY_BODY = YES;
				CLANG_WARN_ENUM_CONVERSION = YES;
				CLANG_WARN_INFINITE_RECURSION = YES;
				CLANG_WARN_INT_CONVERSION = YES;
				CLANG_WARN_NON_LITERAL_NULL_CONVERSION = YES;
				CLANG_WARN_OBJC_IMPLICIT_RETAIN_SELF = YES;
				CLANG_WARN_OBJC_LITERAL_CONVERSION = YES;
				CLANG_WARN_OBJC_ROOT_CLASS = YES_ERROR;
				CLANG_WARN_QUOTED_INCLUDE_IN_FRAMEWORK_HEADER = YES;
				CLANG_WARN_RANGE_LOOP_ANALYSIS = YES;
				CLANG_WARN_STRICT_PROTOTYPES = YES;
				CLANG_WARN_SUSPICIOUS_MOVE = YES;
				CLANG_WARN_UNGUARDED_AVAILABILITY = YES_AGGRESSIVE;
				CLANG_WARN_UNREACHABLE_CODE = YES;
				CLANG_WARN__DUPLICATE_METHOD_MATCH = YES;
				COPY_PHASE_STRIP = NO;
				DEBUG_INFORMATION_FORMAT = "dwarf-with-dsym";
				ENABLE_NS_ASSERTIONS = NO;
				ENABLE_STRICT_OBJC_MSGSEND = YES;
				GCC_C_LANGUAGE_STANDARD = gnu11;
				GCC_NO_COMMON_BLOCKS = YES;
				GCC_WARN_64_TO_32_BIT_CONVERSION = YES;
				GCC_WARN_ABOUT_RETURN_TYPE = YES_ERROR;
				GCC_WARN_UNDECLARED_SELECTOR = YES;
				GCC_WARN_UNINITIALIZED_AUTOS = YES_AGGRESSIVE;
				GCC_WARN_UNUSED_FUNCTION = YES;
				GCC_WARN_UNUSED_VARIABLE = YES;
				IPHONEOS_DEPLOYMENT_TARGET = 14.0;
				MTL_ENABLE_DEBUG_INFO = NO;
				MTL_FAST_MATH = YES;
				SDKROOT = iphoneos;
				VALIDATE_PRODUCT = YES;
			};
			name = Release;
		};
		CC4C19C224F6C3700042C535 /* Debug */ = {
			isa = XCBuildConfiguration;
			buildSettings = {
				ASSETCATALOG_COMPILER_APPICON_NAME = AppIcon;
				ASSETCATALOG_COMPILER_GLOBAL_ACCENT_COLOR_NAME = AccentColor;
				CLANG_ENABLE_MODULES = YES;
				CODE_SIGN_ENTITLEMENTS = Rewritor/Rewritor.entitlements;
				CODE_SIGN_STYLE = Automatic;
				DEVELOPMENT_TEAM = NFTL2336WY;
				INFOPLIST_FILE = Rewritor/Info.plist;
				IPHONEOS_DEPLOYMENT_TARGET = 13.0;
				LD_RUNPATH_SEARCH_PATHS = (
					"$(inherited)",
					"@executable_path/Frameworks",
				);
				OTHER_SWIFT_FLAGS = "-Xcc -Wno-nullability-completeness";
				PRODUCT_BUNDLE_IDENTIFIER = com.ikyle.Rewritor;
				PRODUCT_NAME = "$(TARGET_NAME)";
				SUPPORTS_MACCATALYST = YES;
				SWIFT_OBJC_BRIDGING_HEADER = "Rewritor/Rewritor-Bridging-Header.h";
				SWIFT_OPTIMIZATION_LEVEL = "-Onone";
				SWIFT_VERSION = 5.0;
				TARGETED_DEVICE_FAMILY = "1,2";
				WARNING_CFLAGS = (
					"-Wno-nullability-completeness",
					"-Wno-nonnull",
				);
			};
			name = Debug;
		};
		CC4C19C324F6C3700042C535 /* Release */ = {
			isa = XCBuildConfiguration;
			buildSettings = {
				ASSETCATALOG_COMPILER_APPICON_NAME = AppIcon;
				ASSETCATALOG_COMPILER_GLOBAL_ACCENT_COLOR_NAME = AccentColor;
				CLANG_ENABLE_MODULES = YES;
				CODE_SIGN_ENTITLEMENTS = Rewritor/Rewritor.entitlements;
				CODE_SIGN_STYLE = Automatic;
				DEVELOPMENT_TEAM = NFTL2336WY;
				INFOPLIST_FILE = Rewritor/Info.plist;
				IPHONEOS_DEPLOYMENT_TARGET = 13.0;
				LD_RUNPATH_SEARCH_PATHS = (
					"$(inherited)",
					"@executable_path/Frameworks",
				);
				OTHER_SWIFT_FLAGS = "-Xcc -Wno-nullability-completeness";
				PRODUCT_BUNDLE_IDENTIFIER = com.ikyle.Rewritor;
				PRODUCT_NAME = "$(TARGET_NAME)";
				SUPPORTS_MACCATALYST = YES;
				SWIFT_OBJC_BRIDGING_HEADER = "Rewritor/Rewritor-Bridging-Header.h";
				SWIFT_VERSION = 5.0;
				TARGETED_DEVICE_FAMILY = "1,2";
				WARNING_CFLAGS = (
					"-Wno-nullability-completeness",
					"-Wno-nonnull",
				);
			};
			name = Release;
		};
/* End XCBuildConfiguration section */

/* Begin XCConfigurationList section */
		CC4C19A324F6C36E0042C535 /* Build configuration list for PBXProject "Rewritor" */ = {
			isa = XCConfigurationList;
			buildConfigurations = (
				CC4C19BF24F6C3700042C535 /* Debug */,
				CC4C19C024F6C3700042C535 /* Release */,
			);
			defaultConfigurationIsVisible = 0;
			defaultConfigurationName = Release;
		};
		CC4C19C124F6C3700042C535 /* Build configuration list for PBXNativeTarget "Rewritor" */ = {
			isa = XCConfigurationList;
			buildConfigurations = (
				CC4C19C224F6C3700042C535 /* Debug */,
				CC4C19C324F6C3700042C535 /* Release */,
			);
			defaultConfigurationIsVisible = 0;
			defaultConfigurationName = Release;
		};
/* End XCConfigurationList section */
	};
	rootObject = CC4C19A024F6C36E0042C535 /* Project object */;
}
