// !$*UTF8*$!
{
	archiveVersion = 1;
	classes = {
	};
	objectVersion = 50;
	objects = {

/* Begin PBXBuildFile section */
		CC0C6AB324F5C04500D0B275 /* AppDelegate.m in Sources */ = {isa = PBXBuildFile; fileRef = CC0C6AB224F5C04500D0B275 /* AppDelegate.m */; };
		CC0C6AB624F5C04500D0B275 /* DocumentBrowserViewController.m in Sources */ = {isa = PBXBuildFile; fileRef = CC0C6AB524F5C04500D0B275 /* DocumentBrowserViewController.m */; };
		CC0C6AB924F5C04500D0B275 /* DocumentViewController.m in Sources */ = {isa = PBXBuildFile; fileRef = CC0C6AB824F5C04500D0B275 /* DocumentViewController.m */; };
		CC0C6ABC24F5C04500D0B275 /* Document.m in Sources */ = {isa = PBXBuildFile; fileRef = CC0C6ABB24F5C04500D0B275 /* Document.m */; };
		CC0C6ABF24F5C04500D0B275 /* Main.storyboard in Resources */ = {isa = PBXBuildFile; fileRef = CC0C6ABD24F5C04500D0B275 /* Main.storyboard */; };
		CC0C6AC124F5C04700D0B275 /* Assets.xcassets in Resources */ = {isa = PBXBuildFile; fileRef = CC0C6AC024F5C04700D0B275 /* Assets.xcassets */; };
		CC0C6AC424F5C04700D0B275 /* LaunchScreen.storyboard in Resources */ = {isa = PBXBuildFile; fileRef = CC0C6AC224F5C04700D0B275 /* LaunchScreen.storyboard */; };
		CC0C6AC724F5C04700D0B275 /* main.m in Sources */ = {isa = PBXBuildFile; fileRef = CC0C6AC624F5C04700D0B275 /* main.m */; };
		CC0C6ACE24F5C6A700D0B275 /* Untitled.txt in Resources */ = {isa = PBXBuildFile; fileRef = CC0C6ACD24F5C6A700D0B275 /* Untitled.txt */; };
/* End PBXBuildFile section */

/* Begin PBXFileReference section */
		CC0C6AAE24F5C04500D0B275 /* ReWritor.app */ = {isa = PBXFileReference; explicitFileType = wrapper.application; includeInIndex = 0; path = ReWritor.app; sourceTree = BUILT_PRODUCTS_DIR; };
		CC0C6AB124F5C04500D0B275 /* AppDelegate.h */ = {isa = PBXFileReference; lastKnownFileType = sourcecode.c.h; path = AppDelegate.h; sourceTree = "<group>"; };
		CC0C6AB224F5C04500D0B275 /* AppDelegate.m */ = {isa = PBXFileReference; lastKnownFileType = sourcecode.c.objc; path = AppDelegate.m; sourceTree = "<group>"; };
		CC0C6AB424F5C04500D0B275 /* DocumentBrowserViewController.h */ = {isa = PBXFileReference; lastKnownFileType = sourcecode.c.h; path = DocumentBrowserViewController.h; sourceTree = "<group>"; };
		CC0C6AB524F5C04500D0B275 /* DocumentBrowserViewController.m */ = {isa = PBXFileReference; lastKnownFileType = sourcecode.c.objc; path = DocumentBrowserViewController.m; sourceTree = "<group>"; };
		CC0C6AB724F5C04500D0B275 /* DocumentViewController.h */ = {isa = PBXFileReference; lastKnownFileType = sourcecode.c.h; path = DocumentViewController.h; sourceTree = "<group>"; };
		CC0C6AB824F5C04500D0B275 /* DocumentViewController.m */ = {isa = PBXFileReference; lastKnownFileType = sourcecode.c.objc; path = DocumentViewController.m; sourceTree = "<group>"; };
		CC0C6ABA24F5C04500D0B275 /* Document.h */ = {isa = PBXFileReference; lastKnownFileType = sourcecode.c.h; path = Document.h; sourceTree = "<group>"; };
		CC0C6ABB24F5C04500D0B275 /* Document.m */ = {isa = PBXFileReference; lastKnownFileType = sourcecode.c.objc; path = Document.m; sourceTree = "<group>"; };
		CC0C6ABE24F5C04500D0B275 /* Base */ = {isa = PBXFileReference; lastKnownFileType = file.storyboard; name = Base; path = Base.lproj/Main.storyboard; sourceTree = "<group>"; };
		CC0C6AC024F5C04700D0B275 /* Assets.xcassets */ = {isa = PBXFileReference; lastKnownFileType = folder.assetcatalog; path = Assets.xcassets; sourceTree = "<group>"; };
		CC0C6AC324F5C04700D0B275 /* Base */ = {isa = PBXFileReference; lastKnownFileType = file.storyboard; name = Base; path = Base.lproj/LaunchScreen.storyboard; sourceTree = "<group>"; };
		CC0C6AC524F5C04700D0B275 /* Info.plist */ = {isa = PBXFileReference; lastKnownFileType = text.plist.xml; path = Info.plist; sourceTree = "<group>"; };
		CC0C6AC624F5C04700D0B275 /* main.m */ = {isa = PBXFileReference; lastKnownFileType = sourcecode.c.objc; path = main.m; sourceTree = "<group>"; };
		CC0C6ACD24F5C6A700D0B275 /* Untitled.txt */ = {isa = PBXFileReference; lastKnownFileType = text; path = Untitled.txt; sourceTree = "<group>"; };
/* End PBXFileReference section */

/* Begin PBXFrameworksBuildPhase section */
		CC0C6AAB24F5C04500D0B275 /* Frameworks */ = {
			isa = PBXFrameworksBuildPhase;
			buildActionMask = 2147483647;
			files = (
			);
			runOnlyForDeploymentPostprocessing = 0;
		};
/* End PBXFrameworksBuildPhase section */

/* Begin PBXGroup section */
		CC0C6AA524F5C04500D0B275 = {
			isa = PBXGroup;
			children = (
				CC0C6AB024F5C04500D0B275 /* ReWritor */,
				CC0C6AAF24F5C04500D0B275 /* Products */,
			);
			sourceTree = "<group>";
		};
		CC0C6AAF24F5C04500D0B275 /* Products */ = {
			isa = PBXGroup;
			children = (
				CC0C6AAE24F5C04500D0B275 /* ReWritor.app */,
			);
			name = Products;
			sourceTree = "<group>";
		};
		CC0C6AB024F5C04500D0B275 /* ReWritor */ = {
			isa = PBXGroup;
			children = (
				CC0C6AB124F5C04500D0B275 /* AppDelegate.h */,
				CC0C6AB224F5C04500D0B275 /* AppDelegate.m */,
				CC0C6AB424F5C04500D0B275 /* DocumentBrowserViewController.h */,
				CC0C6AB524F5C04500D0B275 /* DocumentBrowserViewController.m */,
				CC0C6AB724F5C04500D0B275 /* DocumentViewController.h */,
				CC0C6AB824F5C04500D0B275 /* DocumentViewController.m */,
				CC0C6ABA24F5C04500D0B275 /* Document.h */,
				CC0C6ABB24F5C04500D0B275 /* Document.m */,
				CC0C6ABD24F5C04500D0B275 /* Main.storyboard */,
				CC0C6AC024F5C04700D0B275 /* Assets.xcassets */,
				CC0C6AC224F5C04700D0B275 /* LaunchScreen.storyboard */,
				CC0C6AC524F5C04700D0B275 /* Info.plist */,
				CC0C6AC624F5C04700D0B275 /* main.m */,
				CC0C6ACD24F5C6A700D0B275 /* Untitled.txt */,
			);
			path = ReWritor;
			sourceTree = "<group>";
		};
/* End PBXGroup section */

/* Begin PBXNativeTarget section */
		CC0C6AAD24F5C04500D0B275 /* ReWritor */ = {
			isa = PBXNativeTarget;
			buildConfigurationList = CC0C6ACA24F5C04700D0B275 /* Build configuration list for PBXNativeTarget "ReWritor" */;
			buildPhases = (
				CC0C6AAA24F5C04500D0B275 /* Sources */,
				CC0C6AAB24F5C04500D0B275 /* Frameworks */,
				CC0C6AAC24F5C04500D0B275 /* Resources */,
			);
			buildRules = (
			);
			dependencies = (
			);
			name = ReWritor;
			productName = ReWritor;
			productReference = CC0C6AAE24F5C04500D0B275 /* ReWritor.app */;
			productType = "com.apple.product-type.application";
		};
/* End PBXNativeTarget section */

/* Begin PBXProject section */
		CC0C6AA624F5C04500D0B275 /* Project object */ = {
			isa = PBXProject;
			attributes = {
				LastUpgradeCheck = 1200;
				TargetAttributes = {
					CC0C6AAD24F5C04500D0B275 = {
						CreatedOnToolsVersion = 12.0;
					};
				};
			};
			buildConfigurationList = CC0C6AA924F5C04500D0B275 /* Build configuration list for PBXProject "ReWritor" */;
			compatibilityVersion = "Xcode 9.3";
			developmentRegion = en;
			hasScannedForEncodings = 0;
			knownRegions = (
				en,
				Base,
			);
			mainGroup = CC0C6AA524F5C04500D0B275;
			productRefGroup = CC0C6AAF24F5C04500D0B275 /* Products */;
			projectDirPath = "";
			projectRoot = "";
			targets = (
				CC0C6AAD24F5C04500D0B275 /* ReWritor */,
			);
		};
/* End PBXProject section */

/* Begin PBXResourcesBuildPhase section */
		CC0C6AAC24F5C04500D0B275 /* Resources */ = {
			isa = PBXResourcesBuildPhase;
			buildActionMask = 2147483647;
			files = (
				CC0C6AC424F5C04700D0B275 /* LaunchScreen.storyboard in Resources */,
				CC0C6AC124F5C04700D0B275 /* Assets.xcassets in Resources */,
				CC0C6ABF24F5C04500D0B275 /* Main.storyboard in Resources */,
				CC0C6ACE24F5C6A700D0B275 /* Untitled.txt in Resources */,
			);
			runOnlyForDeploymentPostprocessing = 0;
		};
/* End PBXResourcesBuildPhase section */

/* Begin PBXSourcesBuildPhase section */
		CC0C6AAA24F5C04500D0B275 /* Sources */ = {
			isa = PBXSourcesBuildPhase;
			buildActionMask = 2147483647;
			files = (
				CC0C6AC724F5C04700D0B275 /* main.m in Sources */,
				CC0C6ABC24F5C04500D0B275 /* Document.m in Sources */,
				CC0C6AB624F5C04500D0B275 /* DocumentBrowserViewController.m in Sources */,
				CC0C6AB924F5C04500D0B275 /* DocumentViewController.m in Sources */,
				CC0C6AB324F5C04500D0B275 /* AppDelegate.m in Sources */,
			);
			runOnlyForDeploymentPostprocessing = 0;
		};
/* End PBXSourcesBuildPhase section */

/* Begin PBXVariantGroup section */
		CC0C6ABD24F5C04500D0B275 /* Main.storyboard */ = {
			isa = PBXVariantGroup;
			children = (
				CC0C6ABE24F5C04500D0B275 /* Base */,
			);
			name = Main.storyboard;
			sourceTree = "<group>";
		};
		CC0C6AC224F5C04700D0B275 /* LaunchScreen.storyboard */ = {
			isa = PBXVariantGroup;
			children = (
				CC0C6AC324F5C04700D0B275 /* Base */,
			);
			name = LaunchScreen.storyboard;
			sourceTree = "<group>";
		};
/* End PBXVariantGroup section */

/* Begin XCBuildConfiguration section */
		CC0C6AC824F5C04700D0B275 /* Debug */ = {
			isa = XCBuildConfiguration;
			buildSettings = {
				ALWAYS_SEARCH_USER_PATHS = NO;
				CLANG_ANALYZER_NONNULL = YES;
				CLANG_ANALYZER_NUMBER_OBJECT_CONVERSION = YES_AGGRESSIVE;
				CLANG_CXX_LANGUAGE_STANDARD = "gnu++14";
				CLANG_CXX_LIBRARY = "libc++";
				CLANG_ENABLE_MODULES = YES;
				CLANG_ENABLE_OBJC_ARC = YES;
				CLANG_ENABLE_OBJC_WEAK = YES;
				CLANG_WARN_BLOCK_CAPTURE_AUTORELEASING = YES;
				CLANG_WARN_BOOL_CONVERSION = YES;
				CLANG_WARN_COMMA = YES;
				CLANG_WARN_CONSTANT_CONVERSION = YES;
				CLANG_WARN_DEPRECATED_OBJC_IMPLEMENTATIONS = YES;
				CLANG_WARN_DIRECT_OBJC_ISA_USAGE = YES_ERROR;
				CLANG_WARN_DOCUMENTATION_COMMENTS = YES;
				CLANG_WARN_EMPTY_BODY = YES;
				CLANG_WARN_ENUM_CONVERSION = YES;
				CLANG_WARN_INFINITE_RECURSION = YES;
				CLANG_WARN_INT_CONVERSION = YES;
				CLANG_WARN_NON_LITERAL_NULL_CONVERSION = YES;
				CLANG_WARN_OBJC_IMPLICIT_RETAIN_SELF = YES;
				CLANG_WARN_OBJC_LITERAL_CONVERSION = YES;
				CLANG_WARN_OBJC_ROOT_CLASS = YES_ERROR;
				CLANG_WARN_QUOTED_INCLUDE_IN_FRAMEWORK_HEADER = YES;
				CLANG_WARN_RANGE_LOOP_ANALYSIS = YES;
				CLANG_WARN_STRICT_PROTOTYPES = YES;
				CLANG_WARN_SUSPICIOUS_MOVE = YES;
				CLANG_WARN_UNGUARDED_AVAILABILITY = YES_AGGRESSIVE;
				CLANG_WARN_UNREACHABLE_CODE = YES;
				CLANG_WARN__DUPLICATE_METHOD_MATCH = YES;
				COPY_PHASE_STRIP = NO;
				DEBUG_INFORMATION_FORMAT = dwarf;
				ENABLE_STRICT_OBJC_MSGSEND = YES;
				ENABLE_TESTABILITY = YES;
				GCC_C_LANGUAGE_STANDARD = gnu11;
				GCC_DYNAMIC_NO_PIC = NO;
				GCC_NO_COMMON_BLOCKS = YES;
				GCC_OPTIMIZATION_LEVEL = 0;
				GCC_PREPROCESSOR_DEFINITIONS = (
					"DEBUG=1",
					"$(inherited)",
				);
				GCC_WARN_64_TO_32_BIT_CONVERSION = YES;
				GCC_WARN_ABOUT_RETURN_TYPE = YES_ERROR;
				GCC_WARN_UNDECLARED_SELECTOR = YES;
				GCC_WARN_UNINITIALIZED_AUTOS = YES_AGGRESSIVE;
				GCC_WARN_UNUSED_FUNCTION = YES;
				GCC_WARN_UNUSED_VARIABLE = YES;
				IPHONEOS_DEPLOYMENT_TARGET = 14.0;
				MTL_ENABLE_DEBUG_INFO = INCLUDE_SOURCE;
				MTL_FAST_MATH = YES;
				ONLY_ACTIVE_ARCH = YES;
				SDKROOT = iphoneos;
			};
			name = Debug;
		};
		CC0C6AC924F5C04700D0B275 /* Release */ = {
			isa = XCBuildConfiguration;
			buildSettings = {
				ALWAYS_SEARCH_USER_PATHS = NO;
				CLANG_ANALYZER_NONNULL = YES;
				CLANG_ANALYZER_NUMBER_OBJECT_CONVERSION = YES_AGGRESSIVE;
				CLANG_CXX_LANGUAGE_STANDARD = "gnu++14";
				CLANG_CXX_LIBRARY = "libc++";
				CLANG_ENABLE_MODULES = YES;
				CLANG_ENABLE_OBJC_ARC = YES;
				CLANG_ENABLE_OBJC_WEAK = YES;
				CLANG_WARN_BLOCK_CAPTURE_AUTORELEASING = YES;
				CLANG_WARN_BOOL_CONVERSION = YES;
				CLANG_WARN_COMMA = YES;
				CLANG_WARN_CONSTANT_CONVERSION = YES;
				CLANG_WARN_DEPRECATED_OBJC_IMPLEMENTATIONS = YES;
				CLANG_WARN_DIRECT_OBJC_ISA_USAGE = YES_ERROR;
				CLANG_WARN_DOCUMENTATION_COMMENTS = YES;
				CLANG_WARN_EMPTY_BODY = YES;
				CLANG_WARN_ENUM_CONVERSION = YES;
				CLANG_WARN_INFINITE_RECURSION = YES;
				CLANG_WARN_INT_CONVERSION = YES;
				CLANG_WARN_NON_LITERAL_NULL_CONVERSION = YES;
				CLANG_WARN_OBJC_IMPLICIT_RETAIN_SELF = YES;
				CLANG_WARN_OBJC_LITERAL_CONVERSION = YES;
				CLANG_WARN_OBJC_ROOT_CLASS = YES_ERROR;
				CLANG_WARN_QUOTED_INCLUDE_IN_FRAMEWORK_HEADER = YES;
				CLANG_WARN_RANGE_LOOP_ANALYSIS = YES;
				CLANG_WARN_STRICT_PROTOTYPES = YES;
				CLANG_WARN_SUSPICIOUS_MOVE = YES;
				CLANG_WARN_UNGUARDED_AVAILABILITY = YES_AGGRESSIVE;
				CLANG_WARN_UNREACHABLE_CODE = YES;
				CLANG_WARN__DUPLICATE_METHOD_MATCH = YES;
				COPY_PHASE_STRIP = NO;
				DEBUG_INFORMATION_FORMAT = "dwarf-with-dsym";
				ENABLE_NS_ASSERTIONS = NO;
				ENABLE_STRICT_OBJC_MSGSEND = YES;
				GCC_C_LANGUAGE_STANDARD = gnu11;
				GCC_NO_COMMON_BLOCKS = YES;
				GCC_WARN_64_TO_32_BIT_CONVERSION = YES;
				GCC_WARN_ABOUT_RETURN_TYPE = YES_ERROR;
				GCC_WARN_UNDECLARED_SELECTOR = YES;
				GCC_WARN_UNINITIALIZED_AUTOS = YES_AGGRESSIVE;
				GCC_WARN_UNUSED_FUNCTION = YES;
				GCC_WARN_UNUSED_VARIABLE = YES;
				IPHONEOS_DEPLOYMENT_TARGET = 14.0;
				MTL_ENABLE_DEBUG_INFO = NO;
				MTL_FAST_MATH = YES;
				SDKROOT = iphoneos;
				VALIDATE_PRODUCT = YES;
			};
			name = Release;
		};
		CC0C6ACB24F5C04700D0B275 /* Debug */ = {
			isa = XCBuildConfiguration;
			buildSettings = {
				ASSETCATALOG_COMPILER_APPICON_NAME = AppIcon;
				ASSETCATALOG_COMPILER_GLOBAL_ACCENT_COLOR_NAME = AccentColor;
				CODE_SIGN_STYLE = Automatic;
				DEVELOPMENT_TEAM = NFTL2336WY;
				INFOPLIST_FILE = ReWritor/Info.plist;
				IPHONEOS_DEPLOYMENT_TARGET = 13.0;
				LD_RUNPATH_SEARCH_PATHS = (
					"$(inherited)",
					"@executable_path/Frameworks",
				);
				PRODUCT_BUNDLE_IDENTIFIER = com.ikyle.ReWritor;
				PRODUCT_NAME = "$(TARGET_NAME)";
				TARGETED_DEVICE_FAMILY = "1,2";
			};
			name = Debug;
		};
		CC0C6ACC24F5C04700D0B275 /* Release */ = {
			isa = XCBuildConfiguration;
			buildSettings = {
				ASSETCATALOG_COMPILER_APPICON_NAME = AppIcon;
				ASSETCATALOG_COMPILER_GLOBAL_ACCENT_COLOR_NAME = AccentColor;
				CODE_SIGN_STYLE = Automatic;
				DEVELOPMENT_TEAM = NFTL2336WY;
				INFOPLIST_FILE = ReWritor/Info.plist;
				IPHONEOS_DEPLOYMENT_TARGET = 13.0;
				LD_RUNPATH_SEARCH_PATHS = (
					"$(inherited)",
					"@executable_path/Frameworks",
				);
				PRODUCT_BUNDLE_IDENTIFIER = com.ikyle.ReWritor;
				PRODUCT_NAME = "$(TARGET_NAME)";
				TARGETED_DEVICE_FAMILY = "1,2";
			};
			name = Release;
		};
/* End XCBuildConfiguration section */

/* Begin XCConfigurationList section */
		CC0C6AA924F5C04500D0B275 /* Build configuration list for PBXProject "ReWritor" */ = {
			isa = XCConfigurationList;
			buildConfigurations = (
				CC0C6AC824F5C04700D0B275 /* Debug */,
				CC0C6AC924F5C04700D0B275 /* Release */,
			);
			defaultConfigurationIsVisible = 0;
			defaultConfigurationName = Release;
		};
		CC0C6ACA24F5C04700D0B275 /* Build configuration list for PBXNativeTarget "ReWritor" */ = {
			isa = XCConfigurationList;
			buildConfigurations = (
				CC0C6ACB24F5C04700D0B275 /* Debug */,
				CC0C6ACC24F5C04700D0B275 /* Release */,
			);
			defaultConfigurationIsVisible = 0;
			defaultConfigurationName = Release;
		};
/* End XCConfigurationList section */
	};
	rootObject = CC0C6AA624F5C04500D0B275 /* Project object */;
}
